
Microsoft Visual Studio Solution File, Format Version 12.00
# Visual Studio Version 16
VisualStudioVersion = 16.0.29613.14
MinimumVisualStudioVersion = 10.0.40219.1
Project("{FAE04EC0-301F-11D3-BF4B-00C04F79EFBC}") = "AzureCustomActions", "AzureCustomActions\AzureCustomActions.csproj", "{F59BF4D2-01B0-40E1-838A-217A56055599}"
EndProject
Global
	GlobalSection(SolutionConfigurationPlatforms) = preSolution
		Debug|Any CPU = Debug|Any CPU
		Release|Any CPU = Release|Any CPU
	EndGlobalSection
	GlobalSection(ProjectConfigurationPlatforms) = postSolution
		{F59BF4D2-01B0-40E1-838A-217A56055599}.Debug|Any CPU.ActiveCfg = Debug|Any CPU
		{F59BF4D2-01B0-40E1-838A-217A56055599}.Debug|Any CPU.Build.0 = Debug|Any CPU
		{F59BF4D2-01B0-40E1-838A-217A56055599}.Release|Any CPU.ActiveCfg = Release|Any CPU
		{F59BF4D2-01B0-40E1-838A-217A56055599}.Release|Any CPU.Build.0 = Release|Any CPU
	EndGlobalSection
	GlobalSection(SolutionProperties) = preSolution
		HideSolutionNode = FALSE
	EndGlobalSection
	GlobalSection(ExtensibilityGlobals) = postSolution
		SolutionGuid = {437E75EB-B194-49B4-BABF-540794CBFAB2}
	EndGlobalSection
EndGlobal
